// !$*UTF8*$!
{
	archiveVersion = 1;
	classes = {
	};
	objectVersion = 77;
	objects = {

/* Begin PBXContainerItemProxy section */
		D7D8D9102CCA5C7D00F64CAF /* PBXContainerItemProxy */ = {
			isa = PBXContainerItemProxy;
			containerPortal = D7D8D8F22CCA5C7C00F64CAF /* Project object */;
			proxyType = 1;
			remoteGlobalIDString = D7D8D8F92CCA5C7C00F64CAF;
			remoteInfo = RapidPrototype;
		};
		D7D8D91A2CCA5C7D00F64CAF /* PBXContainerItemProxy */ = {
			isa = PBXContainerItemProxy;
			containerPortal = D7D8D8F22CCA5C7C00F64CAF /* Project object */;
			proxyType = 1;
			remoteGlobalIDString = D7D8D8F92CCA5C7C00F64CAF;
			remoteInfo = RapidPrototype;
		};
/* End PBXContainerItemProxy section */

/* Begin PBXFileReference section */
		D7D8D8FA2CCA5C7C00F64CAF /* RapidPrototype.app */ = {isa = PBXFileReference; explicitFileType = wrapper.application; includeInIndex = 0; path = RapidPrototype.app; sourceTree = BUILT_PRODUCTS_DIR; };
		D7D8D90F2CCA5C7D00F64CAF /* RapidPrototypeTests.xctest */ = {isa = PBXFileReference; explicitFileType = wrapper.cfbundle; includeInIndex = 0; path = RapidPrototypeTests.xctest; sourceTree = BUILT_PRODUCTS_DIR; };
		D7D8D9192CCA5C7D00F64CAF /* RapidPrototypeUITests.xctest */ = {isa = PBXFileReference; explicitFileType = wrapper.cfbundle; includeInIndex = 0; path = RapidPrototypeUITests.xctest; sourceTree = BUILT_PRODUCTS_DIR; };
/* End PBXFileReference section */

/* Begin PBXFileSystemSynchronizedBuildFileExceptionSet section */
		D7D8D96F2CCAC32900F64CAF /* Exceptions for "RapidPrototype" folder in "RapidPrototype" target */ = {
			isa = PBXFileSystemSynchronizedBuildFileExceptionSet;
			membershipExceptions = (
				Info.plist,
			);
			target = D7D8D8F92CCA5C7C00F64CAF /* RapidPrototype */;
		};
/* End PBXFileSystemSynchronizedBuildFileExceptionSet section */

/* Begin PBXFileSystemSynchronizedRootGroup section */
		D7D8D8FC2CCA5C7C00F64CAF /* RapidPrototype */ = {
			isa = PBXFileSystemSynchronizedRootGroup;
			exceptions = (
				D7D8D96F2CCAC32900F64CAF /* Exceptions for "RapidPrototype" folder in "RapidPrototype" target */,
			);
			path = RapidPrototype;
			sourceTree = "<group>";
		};
		D7D8D9122CCA5C7D00F64CAF /* RapidPrototypeTests */ = {
			isa = PBXFileSystemSynchronizedRootGroup;
			path = RapidPrototypeTests;
			sourceTree = "<group>";
		};
		D7D8D91C2CCA5C7D00F64CAF /* RapidPrototypeUITests */ = {
			isa = PBXFileSystemSynchronizedRootGroup;
			path = RapidPrototypeUITests;
			sourceTree = "<group>";
		};
/* End PBXFileSystemSynchronizedRootGroup section */

/* Begin PBXFrameworksBuildPhase section */
		D7D8D8F72CCA5C7C00F64CAF /* Frameworks */ = {
			isa = PBXFrameworksBuildPhase;
			buildActionMask = 2147483647;
			files = (
			);
			runOnlyForDeploymentPostprocessing = 0;
		};
		D7D8D90C2CCA5C7D00F64CAF /* Frameworks */ = {
			isa = PBXFrameworksBuildPhase;
			buildActionMask = 2147483647;
			files = (
			);
			runOnlyForDeploymentPostprocessing = 0;
		};
		D7D8D9162CCA5C7D00F64CAF /* Frameworks */ = {
			isa = PBXFrameworksBuildPhase;
			buildActionMask = 2147483647;
			files = (
			);
			runOnlyForDeploymentPostprocessing = 0;
		};
/* End PBXFrameworksBuildPhase section */

/* Begin PBXGroup section */
		D7D8D8F12CCA5C7C00F64CAF = {
			isa = PBXGroup;
			children = (
				D7D8D8FC2CCA5C7C00F64CAF /* RapidPrototype */,
				D7D8D9122CCA5C7D00F64CAF /* RapidPrototypeTests */,
				D7D8D91C2CCA5C7D00F64CAF /* RapidPrototypeUITests */,
				D7D8D8FB2CCA5C7C00F64CAF /* Products */,
			);
			sourceTree = "<group>";
		};
		D7D8D8FB2CCA5C7C00F64CAF /* Products */ = {
			isa = PBXGroup;
			children = (
				D7D8D8FA2CCA5C7C00F64CAF /* RapidPrototype.app */,
				D7D8D90F2CCA5C7D00F64CAF /* RapidPrototypeTests.xctest */,
				D7D8D9192CCA5C7D00F64CAF /* RapidPrototypeUITests.xctest */,
			);
			name = Products;
			sourceTree = "<group>";
		};
/* End PBXGroup section */

/* Begin PBXNativeTarget section */
		D7D8D8F92CCA5C7C00F64CAF /* RapidPrototype */ = {
			isa = PBXNativeTarget;
			buildConfigurationList = D7D8D9232CCA5C7D00F64CAF /* Build configuration list for PBXNativeTarget "RapidPrototype" */;
			buildPhases = (
				D7D8D8F62CCA5C7C00F64CAF /* Sources */,
				D7D8D8F72CCA5C7C00F64CAF /* Frameworks */,
				D7D8D8F82CCA5C7C00F64CAF /* Resources */,
			);
			buildRules = (
			);
			dependencies = (
			);
			fileSystemSynchronizedGroups = (
				D7D8D8FC2CCA5C7C00F64CAF /* RapidPrototype */,
			);
			name = RapidPrototype;
			packageProductDependencies = (
			);
			productName = RapidPrototype;
			productReference = D7D8D8FA2CCA5C7C00F64CAF /* RapidPrototype.app */;
			productType = "com.apple.product-type.application";
		};
		D7D8D90E2CCA5C7D00F64CAF /* RapidPrototypeTests */ = {
			isa = PBXNativeTarget;
			buildConfigurationList = D7D8D9262CCA5C7D00F64CAF /* Build configuration list for PBXNativeTarget "RapidPrototypeTests" */;
			buildPhases = (
				D7D8D90B2CCA5C7D00F64CAF /* Sources */,
				D7D8D90C2CCA5C7D00F64CAF /* Frameworks */,
				D7D8D90D2CCA5C7D00F64CAF /* Resources */,
			);
			buildRules = (
			);
			dependencies = (
				D7D8D9112CCA5C7D00F64CAF /* PBXTargetDependency */,
			);
			fileSystemSynchronizedGroups = (
				D7D8D9122CCA5C7D00F64CAF /* RapidPrototypeTests */,
			);
			name = RapidPrototypeTests;
			packageProductDependencies = (
			);
			productName = RapidPrototypeTests;
			productReference = D7D8D90F2CCA5C7D00F64CAF /* RapidPrototypeTests.xctest */;
			productType = "com.apple.product-type.bundle.unit-test";
		};
		D7D8D9182CCA5C7D00F64CAF /* RapidPrototypeUITests */ = {
			isa = PBXNativeTarget;
			buildConfigurationList = D7D8D9292CCA5C7D00F64CAF /* Build configuration list for PBXNativeTarget "RapidPrototypeUITests" */;
			buildPhases = (
				D7D8D9152CCA5C7D00F64CAF /* Sources */,
				D7D8D9162CCA5C7D00F64CAF /* Frameworks */,
				D7D8D9172CCA5C7D00F64CAF /* Resources */,
			);
			buildRules = (
			);
			dependencies = (
				D7D8D91B2CCA5C7D00F64CAF /* PBXTargetDependency */,
			);
			fileSystemSynchronizedGroups = (
				D7D8D91C2CCA5C7D00F64CAF /* RapidPrototypeUITests */,
			);
			name = RapidPrototypeUITests;
			packageProductDependencies = (
			);
			productName = RapidPrototypeUITests;
			productReference = D7D8D9192CCA5C7D00F64CAF /* RapidPrototypeUITests.xctest */;
			productType = "com.apple.product-type.bundle.ui-testing";
		};
/* End PBXNativeTarget section */

/* Begin PBXProject section */
		D7D8D8F22CCA5C7C00F64CAF /* Project object */ = {
			isa = PBXProject;
			attributes = {
				BuildIndependentTargetsInParallel = 1;
				LastSwiftUpdateCheck = 1600;
				LastUpgradeCheck = 1600;
				TargetAttributes = {
					D7D8D8F92CCA5C7C00F64CAF = {
						CreatedOnToolsVersion = 16.0;
					};
					D7D8D90E2CCA5C7D00F64CAF = {
						CreatedOnToolsVersion = 16.0;
						TestTargetID = D7D8D8F92CCA5C7C00F64CAF;
					};
					D7D8D9182CCA5C7D00F64CAF = {
						CreatedOnToolsVersion = 16.0;
						TestTargetID = D7D8D8F92CCA5C7C00F64CAF;
					};
				};
			};
			buildConfigurationList = D7D8D8F52CCA5C7C00F64CAF /* Build configuration list for PBXProject "RapidPrototype" */;
			developmentRegion = en;
			hasScannedForEncodings = 0;
			knownRegions = (
				en,
				Base,
			);
			mainGroup = D7D8D8F12CCA5C7C00F64CAF;
			minimizedProjectReferenceProxies = 1;
			preferredProjectObjectVersion = 77;
			productRefGroup = D7D8D8FB2CCA5C7C00F64CAF /* Products */;
			projectDirPath = "";
			projectRoot = "";
			targets = (
				D7D8D8F92CCA5C7C00F64CAF /* RapidPrototype */,
				D7D8D90E2CCA5C7D00F64CAF /* RapidPrototypeTests */,
				D7D8D9182CCA5C7D00F64CAF /* RapidPrototypeUITests */,
			);
		};
/* End PBXProject section */

/* Begin PBXResourcesBuildPhase section */
		D7D8D8F82CCA5C7C00F64CAF /* Resources */ = {
			isa = PBXResourcesBuildPhase;
			buildActionMask = 2147483647;
			files = (
			);
			runOnlyForDeploymentPostprocessing = 0;
		};
		D7D8D90D2CCA5C7D00F64CAF /* Resources */ = {
			isa = PBXResourcesBuildPhase;
			buildActionMask = 2147483647;
			files = (
			);
			runOnlyForDeploymentPostprocessing = 0;
		};
		D7D8D9172CCA5C7D00F64CAF /* Resources */ = {
			isa = PBXResourcesBuildPhase;
			buildActionMask = 2147483647;
			files = (
			);
			runOnlyForDeploymentPostprocessing = 0;
		};
/* End PBXResourcesBuildPhase section */

/* Begin PBXSourcesBuildPhase section */
		D7D8D8F62CCA5C7C00F64CAF /* Sources */ = {
			isa = PBXSourcesBuildPhase;
			buildActionMask = 2147483647;
			files = (
			);
			runOnlyForDeploymentPostprocessing = 0;
		};
		D7D8D90B2CCA5C7D00F64CAF /* Sources */ = {
			isa = PBXSourcesBuildPhase;
			buildActionMask = 2147483647;
			files = (
			);
			runOnlyForDeploymentPostprocessing = 0;
		};
		D7D8D9152CCA5C7D00F64CAF /* Sources */ = {
			isa = PBXSourcesBuildPhase;
			buildActionMask = 2147483647;
			files = (
			);
			runOnlyForDeploymentPostprocessing = 0;
		};
/* End PBXSourcesBuildPhase section */

/* Begin PBXTargetDependency section */
		D7D8D9112CCA5C7D00F64CAF /* PBXTargetDependency */ = {
			isa = PBXTargetDependency;
			target = D7D8D8F92CCA5C7C00F64CAF /* RapidPrototype */;
			targetProxy = D7D8D9102CCA5C7D00F64CAF /* PBXContainerItemProxy */;
		};
		D7D8D91B2CCA5C7D00F64CAF /* PBXTargetDependency */ = {
			isa = PBXTargetDependency;
			target = D7D8D8F92CCA5C7C00F64CAF /* RapidPrototype */;
			targetProxy = D7D8D91A2CCA5C7D00F64CAF /* PBXContainerItemProxy */;
		};
/* End PBXTargetDependency section */

/* Begin XCBuildConfiguration section */
		D7D8D9212CCA5C7D00F64CAF /* Debug */ = {
			isa = XCBuildConfiguration;
			buildSettings = {
				ALWAYS_SEARCH_USER_PATHS = NO;
				ASSETCATALOG_COMPILER_GENERATE_SWIFT_ASSET_SYMBOL_EXTENSIONS = YES;
				CLANG_ANALYZER_NONNULL = YES;
				CLANG_ANALYZER_NUMBER_OBJECT_CONVERSION = YES_AGGRESSIVE;
				CLANG_CXX_LANGUAGE_STANDARD = "gnu++20";
				CLANG_ENABLE_MODULES = YES;
				CLANG_ENABLE_OBJC_ARC = YES;
				CLANG_ENABLE_OBJC_WEAK = YES;
				CLANG_WARN_BLOCK_CAPTURE_AUTORELEASING = YES;
				CLANG_WARN_BOOL_CONVERSION = YES;
				CLANG_WARN_COMMA = YES;
				CLANG_WARN_CONSTANT_CONVERSION = YES;
				CLANG_WARN_DEPRECATED_OBJC_IMPLEMENTATIONS = YES;
				CLANG_WARN_DIRECT_OBJC_ISA_USAGE = YES_ERROR;
				CLANG_WARN_DOCUMENTATION_COMMENTS = YES;
				CLANG_WARN_EMPTY_BODY = YES;
				CLANG_WARN_ENUM_CONVERSION = YES;
				CLANG_WARN_INFINITE_RECURSION = YES;
				CLANG_WARN_INT_CONVERSION = YES;
				CLANG_WARN_NON_LITERAL_NULL_CONVERSION = YES;
				CLANG_WARN_OBJC_IMPLICIT_RETAIN_SELF = YES;
				CLANG_WARN_OBJC_LITERAL_CONVERSION = YES;
				CLANG_WARN_OBJC_ROOT_CLASS = YES_ERROR;
				CLANG_WARN_QUOTED_INCLUDE_IN_FRAMEWORK_HEADER = YES;
				CLANG_WARN_RANGE_LOOP_ANALYSIS = YES;
				CLANG_WARN_STRICT_PROTOTYPES = YES;
				CLANG_WARN_SUSPICIOUS_MOVE = YES;
				CLANG_WARN_UNGUARDED_AVAILABILITY = YES_AGGRESSIVE;
				CLANG_WARN_UNREACHABLE_CODE = YES;
				CLANG_WARN__DUPLICATE_METHOD_MATCH = YES;
				COPY_PHASE_STRIP = NO;
				DEBUG_INFORMATION_FORMAT = dwarf;
				ENABLE_STRICT_OBJC_MSGSEND = YES;
				ENABLE_TESTABILITY = YES;
				ENABLE_USER_SCRIPT_SANDBOXING = YES;
				GCC_C_LANGUAGE_STANDARD = gnu17;
				GCC_DYNAMIC_NO_PIC = NO;
				GCC_NO_COMMON_BLOCKS = YES;
				GCC_OPTIMIZATION_LEVEL = 0;
				GCC_PREPROCESSOR_DEFINITIONS = (
					"DEBUG=1",
					"$(inherited)",
				);
				GCC_WARN_64_TO_32_BIT_CONVERSION = YES;
				GCC_WARN_ABOUT_RETURN_TYPE = YES_ERROR;
				GCC_WARN_UNDECLARED_SELECTOR = YES;
				GCC_WARN_UNINITIALIZED_AUTOS = YES_AGGRESSIVE;
				GCC_WARN_UNUSED_FUNCTION = YES;
				GCC_WARN_UNUSED_VARIABLE = YES;
				IPHONEOS_DEPLOYMENT_TARGET = 18.0;
				LOCALIZATION_PREFERS_STRING_CATALOGS = YES;
				MTL_ENABLE_DEBUG_INFO = INCLUDE_SOURCE;
				MTL_FAST_MATH = YES;
				ONLY_ACTIVE_ARCH = YES;
				SDKROOT = iphoneos;
				SWIFT_ACTIVE_COMPILATION_CONDITIONS = "DEBUG $(inherited)";
				SWIFT_EMIT_LOC_STRINGS = YES;
				SWIFT_OPTIMIZATION_LEVEL = "-Onone";
			};
			name = Debug;
		};
		D7D8D9222CCA5C7D00F64CAF /* Release */ = {
			isa = XCBuildConfiguration;
			buildSettings = {
				ALWAYS_SEARCH_USER_PATHS = NO;
				ASSETCATALOG_COMPILER_GENERATE_SWIFT_ASSET_SYMBOL_EXTENSIONS = YES;
				CLANG_ANALYZER_NONNULL = YES;
				CLANG_ANALYZER_NUMBER_OBJECT_CONVERSION = YES_AGGRESSIVE;
				CLANG_CXX_LANGUAGE_STANDARD = "gnu++20";
				CLANG_ENABLE_MODULES = YES;
				CLANG_ENABLE_OBJC_ARC = YES;
				CLANG_ENABLE_OBJC_WEAK = YES;
				CLANG_WARN_BLOCK_CAPTURE_AUTORELEASING = YES;
				CLANG_WARN_BOOL_CONVERSION = YES;
				CLANG_WARN_COMMA = YES;
				CLANG_WARN_CONSTANT_CONVERSION = YES;
				CLANG_WARN_DEPRECATED_OBJC_IMPLEMENTATIONS = YES;
				CLANG_WARN_DIRECT_OBJC_ISA_USAGE = YES_ERROR;
				CLANG_WARN_DOCUMENTATION_COMMENTS = YES;
				CLANG_WARN_EMPTY_BODY = YES;
				CLANG_WARN_ENUM_CONVERSION = YES;
				CLANG_WARN_INFINITE_RECURSION = YES;
				CLANG_WARN_INT_CONVERSION = YES;
				CLANG_WARN_NON_LITERAL_NULL_CONVERSION = YES;
				CLANG_WARN_OBJC_IMPLICIT_RETAIN_SELF = YES;
				CLANG_WARN_OBJC_LITERAL_CONVERSION = YES;
				CLANG_WARN_OBJC_ROOT_CLASS = YES_ERROR;
				CLANG_WARN_QUOTED_INCLUDE_IN_FRAMEWORK_HEADER = YES;
				CLANG_WARN_RANGE_LOOP_ANALYSIS = YES;
				CLANG_WARN_STRICT_PROTOTYPES = YES;
				CLANG_WARN_SUSPICIOUS_MOVE = YES;
				CLANG_WARN_UNGUARDED_AVAILABILITY = YES_AGGRESSIVE;
				CLANG_WARN_UNREACHABLE_CODE = YES;
				CLANG_WARN__DUPLICATE_METHOD_MATCH = YES;
				COPY_PHASE_STRIP = NO;
				DEBUG_INFORMATION_FORMAT = "dwarf-with-dsym";
				ENABLE_NS_ASSERTIONS = NO;
				ENABLE_STRICT_OBJC_MSGSEND = YES;
				ENABLE_USER_SCRIPT_SANDBOXING = YES;
				GCC_C_LANGUAGE_STANDARD = gnu17;
				GCC_NO_COMMON_BLOCKS = YES;
				GCC_WARN_64_TO_32_BIT_CONVERSION = YES;
				GCC_WARN_ABOUT_RETURN_TYPE = YES_ERROR;
				GCC_WARN_UNDECLARED_SELECTOR = YES;
				GCC_WARN_UNINITIALIZED_AUTOS = YES_AGGRESSIVE;
				GCC_WARN_UNUSED_FUNCTION = YES;
				GCC_WARN_UNUSED_VARIABLE = YES;
				IPHONEOS_DEPLOYMENT_TARGET = 18.0;
				LOCALIZATION_PREFERS_STRING_CATALOGS = YES;
				MTL_ENABLE_DEBUG_INFO = NO;
				MTL_FAST_MATH = YES;
				SDKROOT = iphoneos;
				SWIFT_COMPILATION_MODE = wholemodule;
				SWIFT_EMIT_LOC_STRINGS = YES;
				VALIDATE_PRODUCT = YES;
			};
			name = Release;
		};
		D7D8D9242CCA5C7D00F64CAF /* Debug */ = {
			isa = XCBuildConfiguration;
			buildSettings = {
				ASSETCATALOG_COMPILER_APPICON_NAME = AppIcon;
				ASSETCATALOG_COMPILER_GLOBAL_ACCENT_COLOR_NAME = AccentColor;
				CODE_SIGN_STYLE = Automatic;
				CURRENT_PROJECT_VERSION = 1;
				DEVELOPMENT_ASSET_PATHS = "\"RapidPrototype/Preview Content\"";
				DEVELOPMENT_TEAM = VM4K58RG3Z;
				ENABLE_PREVIEWS = YES;
				GENERATE_INFOPLIST_FILE = YES;
				INFOPLIST_FILE = RapidPrototype/Info.plist;
				INFOPLIST_KEY_UIApplicationSceneManifest_Generation = YES;
				INFOPLIST_KEY_UIApplicationSupportsIndirectInputEvents = YES;
				INFOPLIST_KEY_UILaunchScreen_Generation = YES;
				INFOPLIST_KEY_UISupportedInterfaceOrientations_iPad = "UIInterfaceOrientationPortrait UIInterfaceOrientationPortraitUpsideDown UIInterfaceOrientationLandscapeLeft UIInterfaceOrientationLandscapeRight";
				INFOPLIST_KEY_UISupportedInterfaceOrientations_iPhone = "UIInterfaceOrientationPortrait UIInterfaceOrientationLandscapeLeft UIInterfaceOrientationLandscapeRight";
				LD_RUNPATH_SEARCH_PATHS = (
					"$(inherited)",
					"@executable_path/Frameworks",
				);
				MARKETING_VERSION = 1.0;
				PRODUCT_BUNDLE_IDENTIFIER = com.gumgumlab.RapidPrototype;
				PRODUCT_NAME = "$(TARGET_NAME)";
				SWIFT_EMIT_LOC_STRINGS = YES;
				SWIFT_VERSION = 5.0;
				TARGETED_DEVICE_FAMILY = "1,2";
			};
			name = Debug;
		};
		D7D8D9252CCA5C7D00F64CAF /* Release */ = {
			isa = XCBuildConfiguration;
			buildSettings = {
				ASSETCATALOG_COMPILER_APPICON_NAME = AppIcon;
				ASSETCATALOG_COMPILER_GLOBAL_ACCENT_COLOR_NAME = AccentColor;
				CODE_SIGN_STYLE = Automatic;
				CURRENT_PROJECT_VERSION = 1;
				DEVELOPMENT_ASSET_PATHS = "\"RapidPrototype/Preview Content\"";
				DEVELOPMENT_TEAM = VM4K58RG3Z;
				ENABLE_PREVIEWS = YES;
				GENERATE_INFOPLIST_FILE = YES;
				INFOPLIST_FILE = RapidPrototype/Info.plist;
				INFOPLIST_KEY_UIApplicationSceneManifest_Generation = YES;
				INFOPLIST_KEY_UIApplicationSupportsIndirectInputEvents = YES;
				INFOPLIST_KEY_UILaunchScreen_Generation = YES;
				INFOPLIST_KEY_UISupportedInterfaceOrientations_iPad = "UIInterfaceOrientationPortrait UIInterfaceOrientationPortraitUpsideDown UIInterfaceOrientationLandscapeLeft UIInterfaceOrientationLandscapeRight";
				INFOPLIST_KEY_UISupportedInterfaceOrientations_iPhone = "UIInterfaceOrientationPortrait UIInterfaceOrientationLandscapeLeft UIInterfaceOrientationLandscapeRight";
				LD_RUNPATH_SEARCH_PATHS = (
					"$(inherited)",
					"@executable_path/Frameworks",
				);
				MARKETING_VERSION = 1.0;
				PRODUCT_BUNDLE_IDENTIFIER = com.gumgumlab.RapidPrototype;
				PRODUCT_NAME = "$(TARGET_NAME)";
				SWIFT_EMIT_LOC_STRINGS = YES;
				SWIFT_VERSION = 5.0;
				TARGETED_DEVICE_FAMILY = "1,2";
			};
			name = Release;
		};
		D7D8D9272CCA5C7D00F64CAF /* Debug */ = {
			isa = XCBuildConfiguration;
			buildSettings = {
				BUNDLE_LOADER = "$(TEST_HOST)";
				CODE_SIGN_STYLE = Automatic;
				CURRENT_PROJECT_VERSION = 1;
				DEVELOPMENT_TEAM = VM4K58RG3Z;
				GENERATE_INFOPLIST_FILE = YES;
				IPHONEOS_DEPLOYMENT_TARGET = 18.0;
				MARKETING_VERSION = 1.0;
				PRODUCT_BUNDLE_IDENTIFIER = com.gumgumlab.RapidPrototypeTests;
				PRODUCT_NAME = "$(TARGET_NAME)";
				SWIFT_EMIT_LOC_STRINGS = NO;
				SWIFT_VERSION = 5.0;
				TARGETED_DEVICE_FAMILY = "1,2";
				TEST_HOST = "$(BUILT_PRODUCTS_DIR)/RapidPrototype.app/$(BUNDLE_EXECUTABLE_FOLDER_PATH)/RapidPrototype";
			};
			name = Debug;
		};
		D7D8D9282CCA5C7D00F64CAF /* Release */ = {
			isa = XCBuildConfiguration;
			buildSettings = {
				BUNDLE_LOADER = "$(TEST_HOST)";
				CODE_SIGN_STYLE = Automatic;
				CURRENT_PROJECT_VERSION = 1;
				DEVELOPMENT_TEAM = VM4K58RG3Z;
				GENERATE_INFOPLIST_FILE = YES;
				IPHONEOS_DEPLOYMENT_TARGET = 18.0;
				MARKETING_VERSION = 1.0;
				PRODUCT_BUNDLE_IDENTIFIER = com.gumgumlab.RapidPrototypeTests;
				PRODUCT_NAME = "$(TARGET_NAME)";
				SWIFT_EMIT_LOC_STRINGS = NO;
				SWIFT_VERSION = 5.0;
				TARGETED_DEVICE_FAMILY = "1,2";
				TEST_HOST = "$(BUILT_PRODUCTS_DIR)/RapidPrototype.app/$(BUNDLE_EXECUTABLE_FOLDER_PATH)/RapidPrototype";
			};
			name = Release;
		};
		D7D8D92A2CCA5C7D00F64CAF /* Debug */ = {
			isa = XCBuildConfiguration;
			buildSettings = {
				CODE_SIGN_STYLE = Automatic;
				CURRENT_PROJECT_VERSION = 1;
				DEVELOPMENT_TEAM = VM4K58RG3Z;
				GENERATE_INFOPLIST_FILE = YES;
				MARKETING_VERSION = 1.0;
				PRODUCT_BUNDLE_IDENTIFIER = com.gumgumlab.RapidPrototypeUITests;
				PRODUCT_NAME = "$(TARGET_NAME)";
				SWIFT_EMIT_LOC_STRINGS = NO;
				SWIFT_VERSION = 5.0;
				TARGETED_DEVICE_FAMILY = "1,2";
				TEST_TARGET_NAME = RapidPrototype;
			};
			name = Debug;
		};
		D7D8D92B2CCA5C7D00F64CAF /* Release */ = {
			isa = XCBuildConfiguration;
			buildSettings = {
				CODE_SIGN_STYLE = Automatic;
				CURRENT_PROJECT_VERSION = 1;
				DEVELOPMENT_TEAM = VM4K58RG3Z;
				GENERATE_INFOPLIST_FILE = YES;
				MARKETING_VERSION = 1.0;
				PRODUCT_BUNDLE_IDENTIFIER = com.gumgumlab.RapidPrototypeUITests;
				PRODUCT_NAME = "$(TARGET_NAME)";
				SWIFT_EMIT_LOC_STRINGS = NO;
				SWIFT_VERSION = 5.0;
				TARGETED_DEVICE_FAMILY = "1,2";
				TEST_TARGET_NAME = RapidPrototype;
			};
			name = Release;
		};
/* End XCBuildConfiguration section */

/* Begin XCConfigurationList section */
		D7D8D8F52CCA5C7C00F64CAF /* Build configuration list for PBXProject "RapidPrototype" */ = {
			isa = XCConfigurationList;
			buildConfigurations = (
				D7D8D9212CCA5C7D00F64CAF /* Debug */,
				D7D8D9222CCA5C7D00F64CAF /* Release */,
			);
			defaultConfigurationIsVisible = 0;
			defaultConfigurationName = Release;
		};
		D7D8D9232CCA5C7D00F64CAF /* Build configuration list for PBXNativeTarget "RapidPrototype" */ = {
			isa = XCConfigurationList;
			buildConfigurations = (
				D7D8D9242CCA5C7D00F64CAF /* Debug */,
				D7D8D9252CCA5C7D00F64CAF /* Release */,
			);
			defaultConfigurationIsVisible = 0;
			defaultConfigurationName = Release;
		};
		D7D8D9262CCA5C7D00F64CAF /* Build configuration list for PBXNativeTarget "RapidPrototypeTests" */ = {
			isa = XCConfigurationList;
			buildConfigurations = (
				D7D8D9272CCA5C7D00F64CAF /* Debug */,
				D7D8D9282CCA5C7D00F64CAF /* Release */,
			);
			defaultConfigurationIsVisible = 0;
			defaultConfigurationName = Release;
		};
		D7D8D9292CCA5C7D00F64CAF /* Build configuration list for PBXNativeTarget "RapidPrototypeUITests" */ = {
			isa = XCConfigurationList;
			buildConfigurations = (
				D7D8D92A2CCA5C7D00F64CAF /* Debug */,
				D7D8D92B2CCA5C7D00F64CAF /* Release */,
			);
			defaultConfigurationIsVisible = 0;
			defaultConfigurationName = Release;
		};
/* End XCConfigurationList section */
	};
	rootObject = D7D8D8F22CCA5C7C00F64CAF /* Project object */;
}
